
Microsoft Visual Studio Solution File, Format Version 12.00
# Visual Studio Version 16
VisualStudioVersion = 16.0.29613.14
MinimumVisualStudioVersion = 10.0.40219.1
Project("{9A19103F-16F7-4668-BE54-9A1E7A4F7556}") = "Budget", "Budget\Budget.csproj", "{73A66585-381D-497E-8D8E-F2F5A218C0B3}"
EndProject
Project("{FAE04EC0-301F-11D3-BF4B-00C04F79EFBC}") = "Budget.Models", "Budget.Models\Budget.Models.csproj", "{E1DD793D-13A4-4D89-992A-3EE85B49B3D2}"
EndProject
Project("{FAE04EC0-301F-11D3-BF4B-00C04F79EFBC}") = "BudgetDeuxiemeTentative", "BudgetDeuxiemeTentative\BudgetDeuxiemeTentative.csproj", "{E5A69717-7751-4708-B05D-B7D37E9BE5BA}"
EndProject
Global
	GlobalSection(SolutionConfigurationPlatforms) = preSolution
		Debug|Any CPU = Debug|Any CPU
		Release|Any CPU = Release|Any CPU
	EndGlobalSection
	GlobalSection(ProjectConfigurationPlatforms) = postSolution
		{73A66585-381D-497E-8D8E-F2F5A218C0B3}.Debug|Any CPU.ActiveCfg = Debug|Any CPU
		{73A66585-381D-497E-8D8E-F2F5A218C0B3}.Debug|Any CPU.Build.0 = Debug|Any CPU
		{73A66585-381D-497E-8D8E-F2F5A218C0B3}.Release|Any CPU.ActiveCfg = Release|Any CPU
		{73A66585-381D-497E-8D8E-F2F5A218C0B3}.Release|Any CPU.Build.0 = Release|Any CPU
		{E1DD793D-13A4-4D89-992A-3EE85B49B3D2}.Debug|Any CPU.ActiveCfg = Debug|Any CPU
		{E1DD793D-13A4-4D89-992A-3EE85B49B3D2}.Debug|Any CPU.Build.0 = Debug|Any CPU
		{E1DD793D-13A4-4D89-992A-3EE85B49B3D2}.Release|Any CPU.ActiveCfg = Release|Any CPU
		{E1DD793D-13A4-4D89-992A-3EE85B49B3D2}.Release|Any CPU.Build.0 = Release|Any CPU
		{E5A69717-7751-4708-B05D-B7D37E9BE5BA}.Debug|Any CPU.ActiveCfg = Debug|Any CPU
		{E5A69717-7751-4708-B05D-B7D37E9BE5BA}.Debug|Any CPU.Build.0 = Debug|Any CPU
		{E5A69717-7751-4708-B05D-B7D37E9BE5BA}.Release|Any CPU.ActiveCfg = Release|Any CPU
		{E5A69717-7751-4708-B05D-B7D37E9BE5BA}.Release|Any CPU.Build.0 = Release|Any CPU
	EndGlobalSection
	GlobalSection(SolutionProperties) = preSolution
		HideSolutionNode = FALSE
	EndGlobalSection
	GlobalSection(ExtensibilityGlobals) = postSolution
		SolutionGuid = {539B4544-88AB-4486-B995-5BC6E0533236}
	EndGlobalSection
EndGlobal
